
Microsoft Visual Studio Solution File, Format Version 12.00
Project("{FAE04EC0-301F-11D3-BF4B-00C04F79EFBC}") = "StudentTester", "StudentTester\StudentTester.csproj", "{D3A3B589-58F7-417F-AC8D-C87FD42F1B0E}"
EndProject
Project("{FAE04EC0-301F-11D3-BF4B-00C04F79EFBC}") = "StudentManagerV2", "StudentManagerV2\StudentManagerV2.csproj", "{03DA8D14-3134-4A1D-A488-142A13C52020}"
EndProject
Global
	GlobalSection(SolutionConfigurationPlatforms) = preSolution
		Debug|Any CPU = Debug|Any CPU
		Release|Any CPU = Release|Any CPU
	EndGlobalSection
	GlobalSection(ProjectConfigurationPlatforms) = postSolution
		{D3A3B589-58F7-417F-AC8D-C87FD42F1B0E}.Debug|Any CPU.ActiveCfg = Debug|Any CPU
		{D3A3B589-58F7-417F-AC8D-C87FD42F1B0E}.Debug|Any CPU.Build.0 = Debug|Any CPU
		{D3A3B589-58F7-417F-AC8D-C87FD42F1B0E}.Release|Any CPU.ActiveCfg = Release|Any CPU
		{D3A3B589-58F7-417F-AC8D-C87FD42F1B0E}.Release|Any CPU.Build.0 = Release|Any CPU
		{03DA8D14-3134-4A1D-A488-142A13C52020}.Debug|Any CPU.ActiveCfg = Debug|Any CPU
		{03DA8D14-3134-4A1D-A488-142A13C52020}.Debug|Any CPU.Build.0 = Debug|Any CPU
		{03DA8D14-3134-4A1D-A488-142A13C52020}.Release|Any CPU.ActiveCfg = Release|Any CPU
		{03DA8D14-3134-4A1D-A488-142A13C52020}.Release|Any CPU.Build.0 = Release|Any CPU
	EndGlobalSection
EndGlobal
